
Microsoft Visual Studio Solution File, Format Version 12.00
# Visual Studio Version 17
VisualStudioVersion = 17.5.002.0
MinimumVisualStudioVersion = 10.0.40219.1
Project("{9A19103F-16F7-4668-BE54-9A1E7A4F7556}") = "MicroOvningar1", "MicroOvningar1.csproj", "{E59284A9-90FC-44AF-AB0A-8BD71F07C3D7}"
EndProject
Global
	GlobalSection(SolutionConfigurationPlatforms) = preSolution
		Debug|Any CPU = Debug|Any CPU
		Release|Any CPU = Release|Any CPU
	EndGlobalSection
	GlobalSection(ProjectConfigurationPlatforms) = postSolution
		{E59284A9-90FC-44AF-AB0A-8BD71F07C3D7}.Debug|Any CPU.ActiveCfg = Debug|Any CPU
		{E59284A9-90FC-44AF-AB0A-8BD71F07C3D7}.Debug|Any CPU.Build.0 = Debug|Any CPU
		{E59284A9-90FC-44AF-AB0A-8BD71F07C3D7}.Release|Any CPU.ActiveCfg = Release|Any CPU
		{E59284A9-90FC-44AF-AB0A-8BD71F07C3D7}.Release|Any CPU.Build.0 = Release|Any CPU
	EndGlobalSection
	GlobalSection(SolutionProperties) = preSolution
		HideSolutionNode = FALSE
	EndGlobalSection
	GlobalSection(ExtensibilityGlobals) = postSolution
		SolutionGuid = {C0A5E94F-8622-4154-A06D-BED904EE30FD}
	EndGlobalSection
EndGlobal
